
Microsoft Visual Studio Solution File, Format Version 11.00
# Visual Studio 2010
Project("{FAE04EC0-301F-11D3-BF4B-00C04F79EFBC}") = "MotorBid", "MotorBid\MotorBid.csproj", "{7478E9FA-C5B5-48C1-95D2-61AB58241AC7}"
EndProject
Global
	GlobalSection(SolutionConfigurationPlatforms) = preSolution
		Debug|Any CPU = Debug|Any CPU
		Release|Any CPU = Release|Any CPU
	EndGlobalSection
	GlobalSection(ProjectConfigurationPlatforms) = postSolution
		{7478E9FA-C5B5-48C1-95D2-61AB58241AC7}.Debug|Any CPU.ActiveCfg = Debug|Any CPU
		{7478E9FA-C5B5-48C1-95D2-61AB58241AC7}.Debug|Any CPU.Build.0 = Debug|Any CPU
		{7478E9FA-C5B5-48C1-95D2-61AB58241AC7}.Release|Any CPU.ActiveCfg = Release|Any CPU
		{7478E9FA-C5B5-48C1-95D2-61AB58241AC7}.Release|Any CPU.Build.0 = Release|Any CPU
	EndGlobalSection
	GlobalSection(SolutionProperties) = preSolution
		HideSolutionNode = FALSE
	EndGlobalSection
EndGlobal
